// !$*UTF8*$!
{
	archiveVersion = 1;
	classes = {
	};
	objectVersion = 70;
	objects = {

/* Begin PBXBuildFile section */
		6F8AC6912BE5961D00C7CBC2 /* Apollo in Frameworks */ = {isa = PBXBuildFile; productRef = 6F8AC6902BE5961D00C7CBC2 /* Apollo */; };
/* End PBXBuildFile section */

/* Begin PBXContainerItemProxy section */
		6F8AC66C2BE588D400C7CBC2 /* PBXContainerItemProxy */ = {
			isa = PBXContainerItemProxy;
			containerPortal = 6F8AC6532BE588D100C7CBC2 /* Project object */;
			proxyType = 1;
			remoteGlobalIDString = 6F8AC65A2BE588D100C7CBC2;
			remoteInfo = BetterLeague;
		};
		6F8AC6762BE588D400C7CBC2 /* PBXContainerItemProxy */ = {
			isa = PBXContainerItemProxy;
			containerPortal = 6F8AC6532BE588D100C7CBC2 /* Project object */;
			proxyType = 1;
			remoteGlobalIDString = 6F8AC65A2BE588D100C7CBC2;
			remoteInfo = BetterLeague;
		};
/* End PBXContainerItemProxy section */

/* Begin PBXFileReference section */
		6F8AC65B2BE588D100C7CBC2 /* BetterLeague.app */ = {isa = PBXFileReference; explicitFileType = wrapper.application; includeInIndex = 0; path = BetterLeague.app; sourceTree = BUILT_PRODUCTS_DIR; };
		6F8AC66B2BE588D400C7CBC2 /* BetterLeagueTests.xctest */ = {isa = PBXFileReference; explicitFileType = wrapper.cfbundle; includeInIndex = 0; path = BetterLeagueTests.xctest; sourceTree = BUILT_PRODUCTS_DIR; };
		6F8AC6752BE588D400C7CBC2 /* BetterLeagueUITests.xctest */ = {isa = PBXFileReference; explicitFileType = wrapper.cfbundle; includeInIndex = 0; path = BetterLeagueUITests.xctest; sourceTree = BUILT_PRODUCTS_DIR; };
/* End PBXFileReference section */

/* Begin PBXFileSystemSynchronizedRootGroup section */
		6F85BDC32D466E220041AEE7 /* BetterLeague */ = {isa = PBXFileSystemSynchronizedRootGroup; explicitFileTypes = {}; explicitFolders = (); path = BetterLeague; sourceTree = "<group>"; };
		6F85BE0A2D466E2C0041AEE7 /* BetterLeagueTests */ = {isa = PBXFileSystemSynchronizedRootGroup; explicitFileTypes = {}; explicitFolders = (); path = BetterLeagueTests; sourceTree = "<group>"; };
		6F85BE0E2D466E2C0041AEE7 /* BetterLeagueUITests */ = {isa = PBXFileSystemSynchronizedRootGroup; explicitFileTypes = {}; explicitFolders = (); path = BetterLeagueUITests; sourceTree = "<group>"; };
/* End PBXFileSystemSynchronizedRootGroup section */

/* Begin PBXFrameworksBuildPhase section */
		6F8AC6582BE588D100C7CBC2 /* Frameworks */ = {
			isa = PBXFrameworksBuildPhase;
			buildActionMask = 2147483647;
			files = (
				6F8AC6912BE5961D00C7CBC2 /* Apollo in Frameworks */,
			);
			runOnlyForDeploymentPostprocessing = 0;
		};
		6F8AC6682BE588D400C7CBC2 /* Frameworks */ = {
			isa = PBXFrameworksBuildPhase;
			buildActionMask = 2147483647;
			files = (
			);
			runOnlyForDeploymentPostprocessing = 0;
		};
		6F8AC6722BE588D400C7CBC2 /* Frameworks */ = {
			isa = PBXFrameworksBuildPhase;
			buildActionMask = 2147483647;
			files = (
			);
			runOnlyForDeploymentPostprocessing = 0;
		};
/* End PBXFrameworksBuildPhase section */

/* Begin PBXGroup section */
		6F8AC6522BE588D100C7CBC2 = {
			isa = PBXGroup;
			children = (
				6F85BDC32D466E220041AEE7 /* BetterLeague */,
				6F85BE0A2D466E2C0041AEE7 /* BetterLeagueTests */,
				6F85BE0E2D466E2C0041AEE7 /* BetterLeagueUITests */,
				6F8AC65C2BE588D100C7CBC2 /* Products */,
				6FE797F02BE6C2CA00E94108 /* Frameworks */,
			);
			sourceTree = "<group>";
		};
		6F8AC65C2BE588D100C7CBC2 /* Products */ = {
			isa = PBXGroup;
			children = (
				6F8AC65B2BE588D100C7CBC2 /* BetterLeague.app */,
				6F8AC66B2BE588D400C7CBC2 /* BetterLeagueTests.xctest */,
				6F8AC6752BE588D400C7CBC2 /* BetterLeagueUITests.xctest */,
			);
			name = Products;
			sourceTree = "<group>";
		};
		6FE797F02BE6C2CA00E94108 /* Frameworks */ = {
			isa = PBXGroup;
			children = (
			);
			name = Frameworks;
			sourceTree = "<group>";
		};
/* End PBXGroup section */

/* Begin PBXNativeTarget section */
		6F8AC65A2BE588D100C7CBC2 /* BetterLeague */ = {
			isa = PBXNativeTarget;
			buildConfigurationList = 6F8AC67F2BE588D400C7CBC2 /* Build configuration list for PBXNativeTarget "BetterLeague" */;
			buildPhases = (
				6F8AC6572BE588D100C7CBC2 /* Sources */,
				6F8AC6582BE588D100C7CBC2 /* Frameworks */,
				6F8AC6592BE588D100C7CBC2 /* Resources */,
			);
			buildRules = (
			);
			dependencies = (
			);
			fileSystemSynchronizedGroups = (
				6F85BDC32D466E220041AEE7 /* BetterLeague */,
			);
			name = BetterLeague;
			packageProductDependencies = (
				6F8AC6902BE5961D00C7CBC2 /* Apollo */,
			);
			productName = BetterLeague;
			productReference = 6F8AC65B2BE588D100C7CBC2 /* BetterLeague.app */;
			productType = "com.apple.product-type.application";
		};
		6F8AC66A2BE588D400C7CBC2 /* BetterLeagueTests */ = {
			isa = PBXNativeTarget;
			buildConfigurationList = 6F8AC6822BE588D400C7CBC2 /* Build configuration list for PBXNativeTarget "BetterLeagueTests" */;
			buildPhases = (
				6F8AC6672BE588D400C7CBC2 /* Sources */,
				6F8AC6682BE588D400C7CBC2 /* Frameworks */,
				6F8AC6692BE588D400C7CBC2 /* Resources */,
			);
			buildRules = (
			);
			dependencies = (
				6F8AC66D2BE588D400C7CBC2 /* PBXTargetDependency */,
			);
			fileSystemSynchronizedGroups = (
				6F85BE0A2D466E2C0041AEE7 /* BetterLeagueTests */,
			);
			name = BetterLeagueTests;
			productName = BetterLeagueTests;
			productReference = 6F8AC66B2BE588D400C7CBC2 /* BetterLeagueTests.xctest */;
			productType = "com.apple.product-type.bundle.unit-test";
		};
		6F8AC6742BE588D400C7CBC2 /* BetterLeagueUITests */ = {
			isa = PBXNativeTarget;
			buildConfigurationList = 6F8AC6852BE588D400C7CBC2 /* Build configuration list for PBXNativeTarget "BetterLeagueUITests" */;
			buildPhases = (
				6F8AC6712BE588D400C7CBC2 /* Sources */,
				6F8AC6722BE588D400C7CBC2 /* Frameworks */,
				6F8AC6732BE588D400C7CBC2 /* Resources */,
			);
			buildRules = (
			);
			dependencies = (
				6F8AC6772BE588D400C7CBC2 /* PBXTargetDependency */,
			);
			fileSystemSynchronizedGroups = (
				6F85BE0E2D466E2C0041AEE7 /* BetterLeagueUITests */,
			);
			name = BetterLeagueUITests;
			productName = BetterLeagueUITests;
			productReference = 6F8AC6752BE588D400C7CBC2 /* BetterLeagueUITests.xctest */;
			productType = "com.apple.product-type.bundle.ui-testing";
		};
/* End PBXNativeTarget section */

/* Begin PBXProject section */
		6F8AC6532BE588D100C7CBC2 /* Project object */ = {
			isa = PBXProject;
			attributes = {
				BuildIndependentTargetsInParallel = 1;
				LastSwiftUpdateCheck = 1530;
				LastUpgradeCheck = 1620;
				TargetAttributes = {
					6F8AC65A2BE588D100C7CBC2 = {
						CreatedOnToolsVersion = 15.3;
					};
					6F8AC66A2BE588D400C7CBC2 = {
						CreatedOnToolsVersion = 15.3;
						TestTargetID = 6F8AC65A2BE588D100C7CBC2;
					};
					6F8AC6742BE588D400C7CBC2 = {
						CreatedOnToolsVersion = 15.3;
						TestTargetID = 6F8AC65A2BE588D100C7CBC2;
					};
				};
			};
			buildConfigurationList = 6F8AC6562BE588D100C7CBC2 /* Build configuration list for PBXProject "BetterLeague" */;
			compatibilityVersion = "Xcode 14.0";
			developmentRegion = en;
			hasScannedForEncodings = 0;
			knownRegions = (
				en,
				Base,
			);
			mainGroup = 6F8AC6522BE588D100C7CBC2;
			packageReferences = (
				6F8AC68F2BE5961D00C7CBC2 /* XCRemoteSwiftPackageReference "apollo-ios" */,
			);
			productRefGroup = 6F8AC65C2BE588D100C7CBC2 /* Products */;
			projectDirPath = "";
			projectRoot = "";
			targets = (
				6F8AC65A2BE588D100C7CBC2 /* BetterLeague */,
				6F8AC66A2BE588D400C7CBC2 /* BetterLeagueTests */,
				6F8AC6742BE588D400C7CBC2 /* BetterLeagueUITests */,
			);
		};
/* End PBXProject section */

/* Begin PBXResourcesBuildPhase section */
		6F8AC6592BE588D100C7CBC2 /* Resources */ = {
			isa = PBXResourcesBuildPhase;
			buildActionMask = 2147483647;
			files = (
			);
			runOnlyForDeploymentPostprocessing = 0;
		};
		6F8AC6692BE588D400C7CBC2 /* Resources */ = {
			isa = PBXResourcesBuildPhase;
			buildActionMask = 2147483647;
			files = (
			);
			runOnlyForDeploymentPostprocessing = 0;
		};
		6F8AC6732BE588D400C7CBC2 /* Resources */ = {
			isa = PBXResourcesBuildPhase;
			buildActionMask = 2147483647;
			files = (
			);
			runOnlyForDeploymentPostprocessing = 0;
		};
/* End PBXResourcesBuildPhase section */

/* Begin PBXSourcesBuildPhase section */
		6F8AC6572BE588D100C7CBC2 /* Sources */ = {
			isa = PBXSourcesBuildPhase;
			buildActionMask = 2147483647;
			files = (
			);
			runOnlyForDeploymentPostprocessing = 0;
		};
		6F8AC6672BE588D400C7CBC2 /* Sources */ = {
			isa = PBXSourcesBuildPhase;
			buildActionMask = 2147483647;
			files = (
			);
			runOnlyForDeploymentPostprocessing = 0;
		};
		6F8AC6712BE588D400C7CBC2 /* Sources */ = {
			isa = PBXSourcesBuildPhase;
			buildActionMask = 2147483647;
			files = (
			);
			runOnlyForDeploymentPostprocessing = 0;
		};
/* End PBXSourcesBuildPhase section */

/* Begin PBXTargetDependency section */
		6F8AC66D2BE588D400C7CBC2 /* PBXTargetDependency */ = {
			isa = PBXTargetDependency;
			target = 6F8AC65A2BE588D100C7CBC2 /* BetterLeague */;
			targetProxy = 6F8AC66C2BE588D400C7CBC2 /* PBXContainerItemProxy */;
		};
		6F8AC6772BE588D400C7CBC2 /* PBXTargetDependency */ = {
			isa = PBXTargetDependency;
			target = 6F8AC65A2BE588D100C7CBC2 /* BetterLeague */;
			targetProxy = 6F8AC6762BE588D400C7CBC2 /* PBXContainerItemProxy */;
		};
/* End PBXTargetDependency section */

/* Begin XCBuildConfiguration section */
		6F8AC67D2BE588D400C7CBC2 /* Debug */ = {
			isa = XCBuildConfiguration;
			buildSettings = {
				ALWAYS_SEARCH_USER_PATHS = NO;
				ASSETCATALOG_COMPILER_GENERATE_SWIFT_ASSET_SYMBOL_EXTENSIONS = YES;
				CLANG_ANALYZER_NONNULL = YES;
				CLANG_ANALYZER_NUMBER_OBJECT_CONVERSION = YES_AGGRESSIVE;
				CLANG_CXX_LANGUAGE_STANDARD = "gnu++20";
				CLANG_ENABLE_MODULES = YES;
				CLANG_ENABLE_OBJC_ARC = YES;
				CLANG_ENABLE_OBJC_WEAK = YES;
				CLANG_WARN_BLOCK_CAPTURE_AUTORELEASING = YES;
				CLANG_WARN_BOOL_CONVERSION = YES;
				CLANG_WARN_COMMA = YES;
				CLANG_WARN_CONSTANT_CONVERSION = YES;
				CLANG_WARN_DEPRECATED_OBJC_IMPLEMENTATIONS = YES;
				CLANG_WARN_DIRECT_OBJC_ISA_USAGE = YES_ERROR;
				CLANG_WARN_DOCUMENTATION_COMMENTS = YES;
				CLANG_WARN_EMPTY_BODY = YES;
				CLANG_WARN_ENUM_CONVERSION = YES;
				CLANG_WARN_INFINITE_RECURSION = YES;
				CLANG_WARN_INT_CONVERSION = YES;
				CLANG_WARN_NON_LITERAL_NULL_CONVERSION = YES;
				CLANG_WARN_OBJC_IMPLICIT_RETAIN_SELF = YES;
				CLANG_WARN_OBJC_LITERAL_CONVERSION = YES;
				CLANG_WARN_OBJC_ROOT_CLASS = YES_ERROR;
				CLANG_WARN_QUOTED_INCLUDE_IN_FRAMEWORK_HEADER = YES;
				CLANG_WARN_RANGE_LOOP_ANALYSIS = YES;
				CLANG_WARN_STRICT_PROTOTYPES = YES;
				CLANG_WARN_SUSPICIOUS_MOVE = YES;
				CLANG_WARN_UNGUARDED_AVAILABILITY = YES_AGGRESSIVE;
				CLANG_WARN_UNREACHABLE_CODE = YES;
				CLANG_WARN__DUPLICATE_METHOD_MATCH = YES;
				COPY_PHASE_STRIP = NO;
				DEBUG_INFORMATION_FORMAT = dwarf;
				ENABLE_STRICT_OBJC_MSGSEND = YES;
				ENABLE_TESTABILITY = YES;
				ENABLE_USER_SCRIPT_SANDBOXING = YES;
				GCC_C_LANGUAGE_STANDARD = gnu17;
				GCC_DYNAMIC_NO_PIC = NO;
				GCC_NO_COMMON_BLOCKS = YES;
				GCC_OPTIMIZATION_LEVEL = 0;
				GCC_PREPROCESSOR_DEFINITIONS = (
					"DEBUG=1",
					"$(inherited)",
				);
				GCC_WARN_64_TO_32_BIT_CONVERSION = YES;
				GCC_WARN_ABOUT_RETURN_TYPE = YES_ERROR;
				GCC_WARN_UNDECLARED_SELECTOR = YES;
				GCC_WARN_UNINITIALIZED_AUTOS = YES_AGGRESSIVE;
				GCC_WARN_UNUSED_FUNCTION = YES;
				GCC_WARN_UNUSED_VARIABLE = YES;
				IPHONEOS_DEPLOYMENT_TARGET = 17.4;
				LOCALIZATION_PREFERS_STRING_CATALOGS = YES;
				MTL_ENABLE_DEBUG_INFO = INCLUDE_SOURCE;
				MTL_FAST_MATH = YES;
				ONLY_ACTIVE_ARCH = YES;
				SDKROOT = iphoneos;
				SWIFT_ACTIVE_COMPILATION_CONDITIONS = "DEBUG $(inherited)";
				SWIFT_OPTIMIZATION_LEVEL = "-Onone";
			};
			name = Debug;
		};
		6F8AC67E2BE588D400C7CBC2 /* Release */ = {
			isa = XCBuildConfiguration;
			buildSettings = {
				ALWAYS_SEARCH_USER_PATHS = NO;
				ASSETCATALOG_COMPILER_GENERATE_SWIFT_ASSET_SYMBOL_EXTENSIONS = YES;
				CLANG_ANALYZER_NONNULL = YES;
				CLANG_ANALYZER_NUMBER_OBJECT_CONVERSION = YES_AGGRESSIVE;
				CLANG_CXX_LANGUAGE_STANDARD = "gnu++20";
				CLANG_ENABLE_MODULES = YES;
				CLANG_ENABLE_OBJC_ARC = YES;
				CLANG_ENABLE_OBJC_WEAK = YES;
				CLANG_WARN_BLOCK_CAPTURE_AUTORELEASING = YES;
				CLANG_WARN_BOOL_CONVERSION = YES;
				CLANG_WARN_COMMA = YES;
				CLANG_WARN_CONSTANT_CONVERSION = YES;
				CLANG_WARN_DEPRECATED_OBJC_IMPLEMENTATIONS = YES;
				CLANG_WARN_DIRECT_OBJC_ISA_USAGE = YES_ERROR;
				CLANG_WARN_DOCUMENTATION_COMMENTS = YES;
				CLANG_WARN_EMPTY_BODY = YES;
				CLANG_WARN_ENUM_CONVERSION = YES;
				CLANG_WARN_INFINITE_RECURSION = YES;
				CLANG_WARN_INT_CONVERSION = YES;
				CLANG_WARN_NON_LITERAL_NULL_CONVERSION = YES;
				CLANG_WARN_OBJC_IMPLICIT_RETAIN_SELF = YES;
				CLANG_WARN_OBJC_LITERAL_CONVERSION = YES;
				CLANG_WARN_OBJC_ROOT_CLASS = YES_ERROR;
				CLANG_WARN_QUOTED_INCLUDE_IN_FRAMEWORK_HEADER = YES;
				CLANG_WARN_RANGE_LOOP_ANALYSIS = YES;
				CLANG_WARN_STRICT_PROTOTYPES = YES;
				CLANG_WARN_SUSPICIOUS_MOVE = YES;
				CLANG_WARN_UNGUARDED_AVAILABILITY = YES_AGGRESSIVE;
				CLANG_WARN_UNREACHABLE_CODE = YES;
				CLANG_WARN__DUPLICATE_METHOD_MATCH = YES;
				COPY_PHASE_STRIP = NO;
				DEBUG_INFORMATION_FORMAT = "dwarf-with-dsym";
				ENABLE_NS_ASSERTIONS = NO;
				ENABLE_STRICT_OBJC_MSGSEND = YES;
				ENABLE_USER_SCRIPT_SANDBOXING = YES;
				GCC_C_LANGUAGE_STANDARD = gnu17;
				GCC_NO_COMMON_BLOCKS = YES;
				GCC_WARN_64_TO_32_BIT_CONVERSION = YES;
				GCC_WARN_ABOUT_RETURN_TYPE = YES_ERROR;
				GCC_WARN_UNDECLARED_SELECTOR = YES;
				GCC_WARN_UNINITIALIZED_AUTOS = YES_AGGRESSIVE;
				GCC_WARN_UNUSED_FUNCTION = YES;
				GCC_WARN_UNUSED_VARIABLE = YES;
				IPHONEOS_DEPLOYMENT_TARGET = 17.4;
				LOCALIZATION_PREFERS_STRING_CATALOGS = YES;
				MTL_ENABLE_DEBUG_INFO = NO;
				MTL_FAST_MATH = YES;
				SDKROOT = iphoneos;
				SWIFT_COMPILATION_MODE = wholemodule;
				VALIDATE_PRODUCT = YES;
			};
			name = Release;
		};
		6F8AC6802BE588D400C7CBC2 /* Debug */ = {
			isa = XCBuildConfiguration;
			buildSettings = {
				ASSETCATALOG_COMPILER_APPICON_NAME = AppIcon;
				ASSETCATALOG_COMPILER_GLOBAL_ACCENT_COLOR_NAME = AccentColor;
				CODE_SIGN_STYLE = Automatic;
				CURRENT_PROJECT_VERSION = 1;
				DEVELOPMENT_ASSET_PATHS = "\"BetterLeague/Preview Content\"";
				DEVELOPMENT_TEAM = 3228RV37K5;
				ENABLE_PREVIEWS = YES;
				GENERATE_INFOPLIST_FILE = YES;
				INFOPLIST_KEY_UIApplicationSceneManifest_Generation = YES;
				INFOPLIST_KEY_UIApplicationSupportsIndirectInputEvents = YES;
				INFOPLIST_KEY_UILaunchScreen_Generation = YES;
				INFOPLIST_KEY_UISupportedInterfaceOrientations_iPad = "UIInterfaceOrientationPortrait UIInterfaceOrientationPortraitUpsideDown UIInterfaceOrientationLandscapeLeft UIInterfaceOrientationLandscapeRight";
				INFOPLIST_KEY_UISupportedInterfaceOrientations_iPhone = "UIInterfaceOrientationPortrait UIInterfaceOrientationLandscapeLeft UIInterfaceOrientationLandscapeRight";
				IPHONEOS_DEPLOYMENT_TARGET = 18.0;
				LD_RUNPATH_SEARCH_PATHS = (
					"$(inherited)",
					"@executable_path/Frameworks",
				);
				MARKETING_VERSION = 1.0;
				PRODUCT_BUNDLE_IDENTIFIER = com.dawidnadolski.BetterLeague;
				PRODUCT_NAME = "$(TARGET_NAME)";
				SWIFT_EMIT_LOC_STRINGS = YES;
				SWIFT_VERSION = 5.0;
				TARGETED_DEVICE_FAMILY = "1,2";
			};
			name = Debug;
		};
		6F8AC6812BE588D400C7CBC2 /* Release */ = {
			isa = XCBuildConfiguration;
			buildSettings = {
				ASSETCATALOG_COMPILER_APPICON_NAME = AppIcon;
				ASSETCATALOG_COMPILER_GLOBAL_ACCENT_COLOR_NAME = AccentColor;
				CODE_SIGN_STYLE = Automatic;
				CURRENT_PROJECT_VERSION = 1;
				DEVELOPMENT_ASSET_PATHS = "\"BetterLeague/Preview Content\"";
				DEVELOPMENT_TEAM = 3228RV37K5;
				ENABLE_PREVIEWS = YES;
				GENERATE_INFOPLIST_FILE = YES;
				INFOPLIST_KEY_UIApplicationSceneManifest_Generation = YES;
				INFOPLIST_KEY_UIApplicationSupportsIndirectInputEvents = YES;
				INFOPLIST_KEY_UILaunchScreen_Generation = YES;
				INFOPLIST_KEY_UISupportedInterfaceOrientations_iPad = "UIInterfaceOrientationPortrait UIInterfaceOrientationPortraitUpsideDown UIInterfaceOrientationLandscapeLeft UIInterfaceOrientationLandscapeRight";
				INFOPLIST_KEY_UISupportedInterfaceOrientations_iPhone = "UIInterfaceOrientationPortrait UIInterfaceOrientationLandscapeLeft UIInterfaceOrientationLandscapeRight";
				IPHONEOS_DEPLOYMENT_TARGET = 18.0;
				LD_RUNPATH_SEARCH_PATHS = (
					"$(inherited)",
					"@executable_path/Frameworks",
				);
				MARKETING_VERSION = 1.0;
				PRODUCT_BUNDLE_IDENTIFIER = com.dawidnadolski.BetterLeague;
				PRODUCT_NAME = "$(TARGET_NAME)";
				SWIFT_EMIT_LOC_STRINGS = YES;
				SWIFT_VERSION = 5.0;
				TARGETED_DEVICE_FAMILY = "1,2";
			};
			name = Release;
		};
		6F8AC6832BE588D400C7CBC2 /* Debug */ = {
			isa = XCBuildConfiguration;
			buildSettings = {
				BUNDLE_LOADER = "$(TEST_HOST)";
				CODE_SIGN_STYLE = Automatic;
				CURRENT_PROJECT_VERSION = 1;
				DEVELOPMENT_TEAM = 3228RV37K5;
				GENERATE_INFOPLIST_FILE = YES;
				IPHONEOS_DEPLOYMENT_TARGET = 17.4;
				MARKETING_VERSION = 1.0;
				PRODUCT_BUNDLE_IDENTIFIER = com.dawidnadolski.BetterLeagueTests;
				PRODUCT_NAME = "$(TARGET_NAME)";
				SWIFT_EMIT_LOC_STRINGS = NO;
				SWIFT_VERSION = 6.0;
				TARGETED_DEVICE_FAMILY = "1,2";
				TEST_HOST = "$(BUILT_PRODUCTS_DIR)/BetterLeague.app/$(BUNDLE_EXECUTABLE_FOLDER_PATH)/BetterLeague";
			};
			name = Debug;
		};
		6F8AC6842BE588D400C7CBC2 /* Release */ = {
			isa = XCBuildConfiguration;
			buildSettings = {
				BUNDLE_LOADER = "$(TEST_HOST)";
				CODE_SIGN_STYLE = Automatic;
				CURRENT_PROJECT_VERSION = 1;
				DEVELOPMENT_TEAM = 3228RV37K5;
				GENERATE_INFOPLIST_FILE = YES;
				IPHONEOS_DEPLOYMENT_TARGET = 17.4;
				MARKETING_VERSION = 1.0;
				PRODUCT_BUNDLE_IDENTIFIER = com.dawidnadolski.BetterLeagueTests;
				PRODUCT_NAME = "$(TARGET_NAME)";
				SWIFT_EMIT_LOC_STRINGS = NO;
				SWIFT_VERSION = 6.0;
				TARGETED_DEVICE_FAMILY = "1,2";
				TEST_HOST = "$(BUILT_PRODUCTS_DIR)/BetterLeague.app/$(BUNDLE_EXECUTABLE_FOLDER_PATH)/BetterLeague";
			};
			name = Release;
		};
		6F8AC6862BE588D400C7CBC2 /* Debug */ = {
			isa = XCBuildConfiguration;
			buildSettings = {
				CODE_SIGN_STYLE = Automatic;
				CURRENT_PROJECT_VERSION = 1;
				DEVELOPMENT_TEAM = 3228RV37K5;
				GENERATE_INFOPLIST_FILE = YES;
				MARKETING_VERSION = 1.0;
				PRODUCT_BUNDLE_IDENTIFIER = com.dawidnadolski.BetterLeagueUITests;
				PRODUCT_NAME = "$(TARGET_NAME)";
				SWIFT_EMIT_LOC_STRINGS = NO;
				SWIFT_VERSION = 5.0;
				TARGETED_DEVICE_FAMILY = "1,2";
				TEST_TARGET_NAME = BetterLeague;
			};
			name = Debug;
		};
		6F8AC6872BE588D400C7CBC2 /* Release */ = {
			isa = XCBuildConfiguration;
			buildSettings = {
				CODE_SIGN_STYLE = Automatic;
				CURRENT_PROJECT_VERSION = 1;
				DEVELOPMENT_TEAM = 3228RV37K5;
				GENERATE_INFOPLIST_FILE = YES;
				MARKETING_VERSION = 1.0;
				PRODUCT_BUNDLE_IDENTIFIER = com.dawidnadolski.BetterLeagueUITests;
				PRODUCT_NAME = "$(TARGET_NAME)";
				SWIFT_EMIT_LOC_STRINGS = NO;
				SWIFT_VERSION = 5.0;
				TARGETED_DEVICE_FAMILY = "1,2";
				TEST_TARGET_NAME = BetterLeague;
			};
			name = Release;
		};
/* End XCBuildConfiguration section */

/* Begin XCConfigurationList section */
		6F8AC6562BE588D100C7CBC2 /* Build configuration list for PBXProject "BetterLeague" */ = {
			isa = XCConfigurationList;
			buildConfigurations = (
				6F8AC67D2BE588D400C7CBC2 /* Debug */,
				6F8AC67E2BE588D400C7CBC2 /* Release */,
			);
			defaultConfigurationIsVisible = 0;
			defaultConfigurationName = Release;
		};
		6F8AC67F2BE588D400C7CBC2 /* Build configuration list for PBXNativeTarget "BetterLeague" */ = {
			isa = XCConfigurationList;
			buildConfigurations = (
				6F8AC6802BE588D400C7CBC2 /* Debug */,
				6F8AC6812BE588D400C7CBC2 /* Release */,
			);
			defaultConfigurationIsVisible = 0;
			defaultConfigurationName = Release;
		};
		6F8AC6822BE588D400C7CBC2 /* Build configuration list for PBXNativeTarget "BetterLeagueTests" */ = {
			isa = XCConfigurationList;
			buildConfigurations = (
				6F8AC6832BE588D400C7CBC2 /* Debug */,
				6F8AC6842BE588D400C7CBC2 /* Release */,
			);
			defaultConfigurationIsVisible = 0;
			defaultConfigurationName = Release;
		};
		6F8AC6852BE588D400C7CBC2 /* Build configuration list for PBXNativeTarget "BetterLeagueUITests" */ = {
			isa = XCConfigurationList;
			buildConfigurations = (
				6F8AC6862BE588D400C7CBC2 /* Debug */,
				6F8AC6872BE588D400C7CBC2 /* Release */,
			);
			defaultConfigurationIsVisible = 0;
			defaultConfigurationName = Release;
		};
/* End XCConfigurationList section */

/* Begin XCRemoteSwiftPackageReference section */
		6F8AC68F2BE5961D00C7CBC2 /* XCRemoteSwiftPackageReference "apollo-ios" */ = {
			isa = XCRemoteSwiftPackageReference;
			repositoryURL = "https://github.com/apollographql/apollo-ios.git";
			requirement = {
				kind = upToNextMajorVersion;
				minimumVersion = 1.10.0;
			};
		};
/* End XCRemoteSwiftPackageReference section */

/* Begin XCSwiftPackageProductDependency section */
		6F8AC6902BE5961D00C7CBC2 /* Apollo */ = {
			isa = XCSwiftPackageProductDependency;
			package = 6F8AC68F2BE5961D00C7CBC2 /* XCRemoteSwiftPackageReference "apollo-ios" */;
			productName = Apollo;
		};
/* End XCSwiftPackageProductDependency section */
	};
	rootObject = 6F8AC6532BE588D100C7CBC2 /* Project object */;
}
